
Microsoft Visual Studio Solution File, Format Version 12.00
# Visual Studio Version 17
VisualStudioVersion = 17.11.35312.102
MinimumVisualStudioVersion = 10.0.40219.1
Project("{FAE04EC0-301F-11D3-BF4B-00C04F79EFBC}") = "TypingSimulator", "TypingSimulator.csproj", "{AFC171B1-BF91-4F37-8AE4-B4E2C521D0B8}"
EndProject
Global
	GlobalSection(SolutionConfigurationPlatforms) = preSolution
		Debug|Any CPU = Debug|Any CPU
		Release|Any CPU = Release|Any CPU
	EndGlobalSection
	GlobalSection(ProjectConfigurationPlatforms) = postSolution
		{AFC171B1-BF91-4F37-8AE4-B4E2C521D0B8}.Debug|Any CPU.ActiveCfg = Debug|Any CPU
		{AFC171B1-BF91-4F37-8AE4-B4E2C521D0B8}.Debug|Any CPU.Build.0 = Debug|Any CPU
		{AFC171B1-BF91-4F37-8AE4-B4E2C521D0B8}.Release|Any CPU.ActiveCfg = Release|Any CPU
		{AFC171B1-BF91-4F37-8AE4-B4E2C521D0B8}.Release|Any CPU.Build.0 = Release|Any CPU
	EndGlobalSection
	GlobalSection(SolutionProperties) = preSolution
		HideSolutionNode = FALSE
	EndGlobalSection
	GlobalSection(ExtensibilityGlobals) = postSolution
		SolutionGuid = {ECDAC9F3-D319-494B-A12C-F4AD3B8AACAB}
	EndGlobalSection
EndGlobal
